
Microsoft Visual Studio Solution File, Format Version 12.00
# Visual Studio Version 17
VisualStudioVersion = 17.5.33530.505
MinimumVisualStudioVersion = 10.0.40219.1
Project("{FAE04EC0-301F-11D3-BF4B-00C04F79EFBC}") = "Password Generator", "Password Generator\Password Generator.csproj", "{FAD4E603-DBF4-4857-A162-41A66A99FF2D}"
EndProject
Global
	GlobalSection(SolutionConfigurationPlatforms) = preSolution
		Debug|Any CPU = Debug|Any CPU
		Release|Any CPU = Release|Any CPU
	EndGlobalSection
	GlobalSection(ProjectConfigurationPlatforms) = postSolution
		{FAD4E603-DBF4-4857-A162-41A66A99FF2D}.Debug|Any CPU.ActiveCfg = Debug|Any CPU
		{FAD4E603-DBF4-4857-A162-41A66A99FF2D}.Debug|Any CPU.Build.0 = Debug|Any CPU
		{FAD4E603-DBF4-4857-A162-41A66A99FF2D}.Release|Any CPU.ActiveCfg = Release|Any CPU
		{FAD4E603-DBF4-4857-A162-41A66A99FF2D}.Release|Any CPU.Build.0 = Release|Any CPU
	EndGlobalSection
	GlobalSection(SolutionProperties) = preSolution
		HideSolutionNode = FALSE
	EndGlobalSection
	GlobalSection(ExtensibilityGlobals) = postSolution
		SolutionGuid = {E00CEBD3-ECA4-414B-8CFC-F77F965B1877}
	EndGlobalSection
EndGlobal
